
Microsoft Visual Studio Solution File, Format Version 12.00
# Visual Studio Version 17
VisualStudioVersion = 17.11.35312.102
MinimumVisualStudioVersion = 10.0.40219.1
Project("{FAE04EC0-301F-11D3-BF4B-00C04F79EFBC}") = "svagui", "svagui.csproj", "{5F836308-380E-47F4-AEC9-2FE1DDE4E97B}"
EndProject
Project("{FAE04EC0-301F-11D3-BF4B-00C04F79EFBC}") = "svagui-tests", "..\svagui-tests\svagui-tests.csproj", "{EB9CD229-8F14-4906-BE89-EA80B589E5D5}"
EndProject
Global
	GlobalSection(SolutionConfigurationPlatforms) = preSolution
		Debug|Any CPU = Debug|Any CPU
		Release|Any CPU = Release|Any CPU
	EndGlobalSection
	GlobalSection(ProjectConfigurationPlatforms) = postSolution
		{5F836308-380E-47F4-AEC9-2FE1DDE4E97B}.Debug|Any CPU.ActiveCfg = Debug|Any CPU
		{5F836308-380E-47F4-AEC9-2FE1DDE4E97B}.Debug|Any CPU.Build.0 = Debug|Any CPU
		{5F836308-380E-47F4-AEC9-2FE1DDE4E97B}.Release|Any CPU.ActiveCfg = Release|Any CPU
		{5F836308-380E-47F4-AEC9-2FE1DDE4E97B}.Release|Any CPU.Build.0 = Release|Any CPU
		{EB9CD229-8F14-4906-BE89-EA80B589E5D5}.Debug|Any CPU.ActiveCfg = Debug|Any CPU
		{EB9CD229-8F14-4906-BE89-EA80B589E5D5}.Debug|Any CPU.Build.0 = Debug|Any CPU
		{EB9CD229-8F14-4906-BE89-EA80B589E5D5}.Release|Any CPU.ActiveCfg = Release|Any CPU
		{EB9CD229-8F14-4906-BE89-EA80B589E5D5}.Release|Any CPU.Build.0 = Release|Any CPU
	EndGlobalSection
	GlobalSection(SolutionProperties) = preSolution
		HideSolutionNode = FALSE
	EndGlobalSection
	GlobalSection(ExtensibilityGlobals) = postSolution
		SolutionGuid = {DB2A4CF9-67EF-4527-AD11-43DAC1979F4F}
	EndGlobalSection
EndGlobal
